{
  "nodes": {
    "bevy-flake": {
      "inputs": {
        "nixpkgs": [
          "nixpkgs"
        ]
      },
      "locked": {
        "lastModified": 1778873231,
        "narHash": "sha256-Ogh0ZoUtnB2E3ouOrGQsroBjAREg/dhZmX/R9yUtfB4=",
        "owner": "swagtop",
        "repo": "bevy-flake",
        "rev": "4bd1338a25ebfe85835e928c1a254748ef3de6cd",
        "type": "github"
      },
      "original": {
        "owner": "swagtop",
        "repo": "bevy-flake",
        "type": "github"
      }
    },
    "fenix": {
      "inputs": {
        "nixpkgs": [
          "nixpkgs"
        ],
        "rust-analyzer-src": "rust-analyzer-src"
      },
      "locked": {
        "lastModified": 1778835955,
        "narHash": "sha256-W4pkdH4QCGvwIFaqPgk5YHMIYK8T6Pbqu/HupSarBuI=",
        "owner": "nix-community",
        "repo": "fenix",
        "rev": "8650744e43cf1c1d860235682a45eb2f290d83f9",
        "type": "github"
      },
      "original": {
        "owner": "nix-community",
        "repo": "fenix",
        "type": "github"
      }
    },
    "nixpkgs": {
      "locked": {
        "lastModified": 1778443072,
        "narHash": "sha256-zi7/fsqM/kFdNuED//4WOCUtezGtKKqRNORjMvfwjnA=",
        "owner": "NixOS",
        "repo": "nixpkgs",
        "rev": "da5ad661ba4e5ef59ba743f0d112cbc30e474f32",
        "type": "github"
      },
      "original": {
        "id": "nixpkgs",
        "ref": "nixos-unstable",
        "type": "indirect"
      }
    },
    "root": {
      "inputs": {
        "bevy-flake": "bevy-flake",
        "fenix": "fenix",
        "nixpkgs": "nixpkgs"
      }
    },
    "rust-analyzer-src": {
      "flake": false,
      "locked": {
        "lastModified": 1778804451,
        "narHash": "sha256-XsxdTRqkDvfHQOVCNnF/TdwIysGRboxs4ZQoakAp8Ts=",
        "owner": "rust-lang",
        "repo": "rust-analyzer",
        "rev": "3fdfad3458450f8c6772bbe141e157beaa10c62c",
        "type": "github"
      },
      "original": {
        "owner": "rust-lang",
        "ref": "nightly",
        "repo": "rust-analyzer",
        "type": "github"
      }
    }
  },
  "root": "root",
  "version": 7
}
