{
  "nodes": {
    "bevy-flake": {
      "inputs": {
        "nixpkgs": [
          "nixpkgs"
        ]
      },
      "locked": {
        "lastModified": 1760955730,
        "narHash": "sha256-0eKzz1jDVgA2QgXIl32dgPnuK6gXoSzkXMUtBBPy4L8=",
        "owner": "swagtop",
        "repo": "bevy-flake",
        "rev": "a801a6733ed1628d065d69c6aefed494f0f81fce",
        "type": "github"
      },
      "original": {
        "owner": "swagtop",
        "repo": "bevy-flake",
        "type": "github"
      }
    },
    "nixpkgs": {
      "locked": {
        "lastModified": 1762977756,
        "narHash": "sha256-4PqRErxfe+2toFJFgcRKZ0UI9NSIOJa+7RXVtBhy4KE=",
        "owner": "NixOS",
        "repo": "nixpkgs",
        "rev": "c5ae371f1a6a7fd27823bc500d9390b38c05fa55",
        "type": "github"
      },
      "original": {
        "id": "nixpkgs",
        "ref": "nixos-unstable",
        "type": "indirect"
      }
    },
    "root": {
      "inputs": {
        "bevy-flake": "bevy-flake",
        "nixpkgs": "nixpkgs"
      }
    }
  },
  "root": "root",
  "version": 7
}
